
Microsoft Visual Studio Solution File, Format Version 12.00
# Visual Studio Version 17
VisualStudioVersion = 17.8.34309.116
MinimumVisualStudioVersion = 10.0.40219.1
Project("{FAE04EC0-301F-11D3-BF4B-00C04F79EFBC}") = "FileSequencer", "FileSequencer.csproj", "{6FD36FF5-8AA4-4139-98A6-49631E6D6960}"
EndProject
Global
	GlobalSection(SolutionConfigurationPlatforms) = preSolution
		Debug|Any CPU = Debug|Any CPU
		Release|Any CPU = Release|Any CPU
	EndGlobalSection
	GlobalSection(ProjectConfigurationPlatforms) = postSolution
		{6FD36FF5-8AA4-4139-98A6-49631E6D6960}.Debug|Any CPU.ActiveCfg = Debug|Any CPU
		{6FD36FF5-8AA4-4139-98A6-49631E6D6960}.Debug|Any CPU.Build.0 = Debug|Any CPU
		{6FD36FF5-8AA4-4139-98A6-49631E6D6960}.Release|Any CPU.ActiveCfg = Release|Any CPU
		{6FD36FF5-8AA4-4139-98A6-49631E6D6960}.Release|Any CPU.Build.0 = Release|Any CPU
	EndGlobalSection
	GlobalSection(SolutionProperties) = preSolution
		HideSolutionNode = FALSE
	EndGlobalSection
	GlobalSection(ExtensibilityGlobals) = postSolution
		SolutionGuid = {072B45C4-0328-46E2-AAA3-4463FC5E1A71}
	EndGlobalSection
EndGlobal
